
Microsoft Visual Studio Solution File, Format Version 12.00
# Visual Studio 2013
VisualStudioVersion = 12.0.31101.0
MinimumVisualStudioVersion = 10.0.40219.1
Project("{FAE04EC0-301F-11D3-BF4B-00C04F79EFBC}") = "TF2Items", "TF2Items\TF2Items.csproj", "{12204F83-56DD-40C0-B1BB-629535091105}"
EndProject
Project("{FAE04EC0-301F-11D3-BF4B-00C04F79EFBC}") = "ValveFormat", "ValveFormat\ValveFormat.csproj", "{8EFEF957-69EE-46C7-8728-E2D460BA8807}"
EndProject
Project("{FAE04EC0-301F-11D3-BF4B-00C04F79EFBC}") = "ValveFormatTest", "ValveFormatTest\ValveFormatTest.csproj", "{5DC65567-C14D-4447-A7DF-7E2566EBC5F0}"
EndProject
Project("{FAE04EC0-301F-11D3-BF4B-00C04F79EFBC}") = "TF2Items.Core", "TF2Items.Core\TF2Items.Core.csproj", "{EE610DC0-A0CB-4598-8006-FC97FA424247}"
EndProject
Project("{FAE04EC0-301F-11D3-BF4B-00C04F79EFBC}") = "TF2Items.Core.Tests", "TF2Items.Core.Tests\TF2Items.Core.Tests.csproj", "{C4A7CC45-C415-4CE7-A40B-8E819A368B6B}"
EndProject
Project("{FAE04EC0-301F-11D3-BF4B-00C04F79EFBC}") = "TF2Items.Parsers", "TF2Items.Parsers\TF2Items.Parsers.csproj", "{4B06B9A7-1521-40CC-8A57-CF60B281EB2D}"
EndProject
Project("{FAE04EC0-301F-11D3-BF4B-00C04F79EFBC}") = "TF2Items.Parsers.Tests", "TF2Items.Parsers.Tests\TF2Items.Parsers.Tests.csproj", "{B963FE5B-CFED-4709-B3AB-920F9D122C4E}"
EndProject
Project("{2150E333-8FDC-42A3-9474-1A3956D46DE8}") = ".nuget", ".nuget", "{6F565248-E027-4F5E-8BC1-B24666D4F8FC}"
	ProjectSection(SolutionItems) = preProject
		.nuget\NuGet.Config = .nuget\NuGet.Config
		.nuget\NuGet.exe = .nuget\NuGet.exe
		.nuget\NuGet.targets = .nuget\NuGet.targets
	EndProjectSection
EndProject
Project("{FAE04EC0-301F-11D3-BF4B-00C04F79EFBC}") = "TF2Items.ValvePak", "TF2Items.ValvePak\TF2Items.ValvePak.csproj", "{7383D68E-D953-4817-B085-91343DA49870}"
EndProject
Project("{2150E333-8FDC-42A3-9474-1A3956D46DE8}") = "tools", "tools", "{9E58BB9B-53AC-4370-B493-46BB03A18F6A}"
	ProjectSection(SolutionItems) = preProject
		tools\HLExtract.exe = tools\HLExtract.exe
		tools\HLLib.dll = tools\HLLib.dll
		tools\VTFCmd.exe = tools\VTFCmd.exe
		tools\VTFLib.dll = tools\VTFLib.dll
	EndProjectSection
EndProject
Project("{FAE04EC0-301F-11D3-BF4B-00C04F79EFBC}") = "TF2Items.ValvePak.Tests", "TF2Items.ValvePak.Tests\TF2Items.ValvePak.Tests.csproj", "{A17DBE32-E285-4090-BFE3-636E448029DB}"
EndProject
Global
	GlobalSection(SolutionConfigurationPlatforms) = preSolution
		Debug|Any CPU = Debug|Any CPU
		Debug|Mixed Platforms = Debug|Mixed Platforms
		Debug|Win32 = Debug|Win32
		Debug|x86 = Debug|x86
		Release|Any CPU = Release|Any CPU
		Release|Mixed Platforms = Release|Mixed Platforms
		Release|Win32 = Release|Win32
		Release|x86 = Release|x86
	EndGlobalSection
	GlobalSection(ProjectConfigurationPlatforms) = postSolution
		{12204F83-56DD-40C0-B1BB-629535091105}.Debug|Any CPU.ActiveCfg = Debug|x86
		{12204F83-56DD-40C0-B1BB-629535091105}.Debug|Mixed Platforms.ActiveCfg = Debug|x86
		{12204F83-56DD-40C0-B1BB-629535091105}.Debug|Mixed Platforms.Build.0 = Debug|x86
		{12204F83-56DD-40C0-B1BB-629535091105}.Debug|Win32.ActiveCfg = Debug|x86
		{12204F83-56DD-40C0-B1BB-629535091105}.Debug|x86.ActiveCfg = Debug|x86
		{12204F83-56DD-40C0-B1BB-629535091105}.Debug|x86.Build.0 = Debug|x86
		{12204F83-56DD-40C0-B1BB-629535091105}.Release|Any CPU.ActiveCfg = Release|x86
		{12204F83-56DD-40C0-B1BB-629535091105}.Release|Mixed Platforms.ActiveCfg = Release|x86
		{12204F83-56DD-40C0-B1BB-629535091105}.Release|Mixed Platforms.Build.0 = Release|x86
		{12204F83-56DD-40C0-B1BB-629535091105}.Release|Win32.ActiveCfg = Release|x86
		{12204F83-56DD-40C0-B1BB-629535091105}.Release|x86.ActiveCfg = Release|x86
		{12204F83-56DD-40C0-B1BB-629535091105}.Release|x86.Build.0 = Release|x86
		{8EFEF957-69EE-46C7-8728-E2D460BA8807}.Debug|Any CPU.ActiveCfg = Debug|Any CPU
		{8EFEF957-69EE-46C7-8728-E2D460BA8807}.Debug|Any CPU.Build.0 = Debug|Any CPU
		{8EFEF957-69EE-46C7-8728-E2D460BA8807}.Debug|Mixed Platforms.ActiveCfg = Debug|Any CPU
		{8EFEF957-69EE-46C7-8728-E2D460BA8807}.Debug|Mixed Platforms.Build.0 = Debug|Any CPU
		{8EFEF957-69EE-46C7-8728-E2D460BA8807}.Debug|Win32.ActiveCfg = Debug|Any CPU
		{8EFEF957-69EE-46C7-8728-E2D460BA8807}.Debug|x86.ActiveCfg = Debug|Any CPU
		{8EFEF957-69EE-46C7-8728-E2D460BA8807}.Release|Any CPU.ActiveCfg = Release|Any CPU
		{8EFEF957-69EE-46C7-8728-E2D460BA8807}.Release|Any CPU.Build.0 = Release|Any CPU
		{8EFEF957-69EE-46C7-8728-E2D460BA8807}.Release|Mixed Platforms.ActiveCfg = Release|Any CPU
		{8EFEF957-69EE-46C7-8728-E2D460BA8807}.Release|Mixed Platforms.Build.0 = Release|Any CPU
		{8EFEF957-69EE-46C7-8728-E2D460BA8807}.Release|Win32.ActiveCfg = Release|Any CPU
		{8EFEF957-69EE-46C7-8728-E2D460BA8807}.Release|x86.ActiveCfg = Release|Any CPU
		{5DC65567-C14D-4447-A7DF-7E2566EBC5F0}.Debug|Any CPU.ActiveCfg = Debug|x86
		{5DC65567-C14D-4447-A7DF-7E2566EBC5F0}.Debug|Mixed Platforms.ActiveCfg = Debug|x86
		{5DC65567-C14D-4447-A7DF-7E2566EBC5F0}.Debug|Mixed Platforms.Build.0 = Debug|x86
		{5DC65567-C14D-4447-A7DF-7E2566EBC5F0}.Debug|Win32.ActiveCfg = Debug|x86
		{5DC65567-C14D-4447-A7DF-7E2566EBC5F0}.Debug|x86.ActiveCfg = Debug|x86
		{5DC65567-C14D-4447-A7DF-7E2566EBC5F0}.Debug|x86.Build.0 = Debug|x86
		{5DC65567-C14D-4447-A7DF-7E2566EBC5F0}.Release|Any CPU.ActiveCfg = Release|x86
		{5DC65567-C14D-4447-A7DF-7E2566EBC5F0}.Release|Mixed Platforms.ActiveCfg = Release|x86
		{5DC65567-C14D-4447-A7DF-7E2566EBC5F0}.Release|Mixed Platforms.Build.0 = Release|x86
		{5DC65567-C14D-4447-A7DF-7E2566EBC5F0}.Release|Win32.ActiveCfg = Release|x86
		{5DC65567-C14D-4447-A7DF-7E2566EBC5F0}.Release|x86.ActiveCfg = Release|x86
		{5DC65567-C14D-4447-A7DF-7E2566EBC5F0}.Release|x86.Build.0 = Release|x86
		{EE610DC0-A0CB-4598-8006-FC97FA424247}.Debug|Any CPU.ActiveCfg = Debug|Any CPU
		{EE610DC0-A0CB-4598-8006-FC97FA424247}.Debug|Any CPU.Build.0 = Debug|Any CPU
		{EE610DC0-A0CB-4598-8006-FC97FA424247}.Debug|Mixed Platforms.ActiveCfg = Debug|Any CPU
		{EE610DC0-A0CB-4598-8006-FC97FA424247}.Debug|Mixed Platforms.Build.0 = Debug|Any CPU
		{EE610DC0-A0CB-4598-8006-FC97FA424247}.Debug|Win32.ActiveCfg = Debug|Any CPU
		{EE610DC0-A0CB-4598-8006-FC97FA424247}.Debug|x86.ActiveCfg = Debug|Any CPU
		{EE610DC0-A0CB-4598-8006-FC97FA424247}.Release|Any CPU.ActiveCfg = Release|Any CPU
		{EE610DC0-A0CB-4598-8006-FC97FA424247}.Release|Any CPU.Build.0 = Release|Any CPU
		{EE610DC0-A0CB-4598-8006-FC97FA424247}.Release|Mixed Platforms.ActiveCfg = Release|Any CPU
		{EE610DC0-A0CB-4598-8006-FC97FA424247}.Release|Mixed Platforms.Build.0 = Release|Any CPU
		{EE610DC0-A0CB-4598-8006-FC97FA424247}.Release|Win32.ActiveCfg = Release|Any CPU
		{EE610DC0-A0CB-4598-8006-FC97FA424247}.Release|x86.ActiveCfg = Release|Any CPU
		{C4A7CC45-C415-4CE7-A40B-8E819A368B6B}.Debug|Any CPU.ActiveCfg = Debug|Any CPU
		{C4A7CC45-C415-4CE7-A40B-8E819A368B6B}.Debug|Any CPU.Build.0 = Debug|Any CPU
		{C4A7CC45-C415-4CE7-A40B-8E819A368B6B}.Debug|Mixed Platforms.ActiveCfg = Debug|Any CPU
		{C4A7CC45-C415-4CE7-A40B-8E819A368B6B}.Debug|Mixed Platforms.Build.0 = Debug|Any CPU
		{C4A7CC45-C415-4CE7-A40B-8E819A368B6B}.Debug|Win32.ActiveCfg = Debug|Any CPU
		{C4A7CC45-C415-4CE7-A40B-8E819A368B6B}.Debug|x86.ActiveCfg = Debug|Any CPU
		{C4A7CC45-C415-4CE7-A40B-8E819A368B6B}.Release|Any CPU.ActiveCfg = Release|Any CPU
		{C4A7CC45-C415-4CE7-A40B-8E819A368B6B}.Release|Any CPU.Build.0 = Release|Any CPU
		{C4A7CC45-C415-4CE7-A40B-8E819A368B6B}.Release|Mixed Platforms.ActiveCfg = Release|Any CPU
		{C4A7CC45-C415-4CE7-A40B-8E819A368B6B}.Release|Mixed Platforms.Build.0 = Release|Any CPU
		{C4A7CC45-C415-4CE7-A40B-8E819A368B6B}.Release|Win32.ActiveCfg = Release|Any CPU
		{C4A7CC45-C415-4CE7-A40B-8E819A368B6B}.Release|x86.ActiveCfg = Release|Any CPU
		{4B06B9A7-1521-40CC-8A57-CF60B281EB2D}.Debug|Any CPU.ActiveCfg = Debug|Any CPU
		{4B06B9A7-1521-40CC-8A57-CF60B281EB2D}.Debug|Any CPU.Build.0 = Debug|Any CPU
		{4B06B9A7-1521-40CC-8A57-CF60B281EB2D}.Debug|Mixed Platforms.ActiveCfg = Debug|Any CPU
		{4B06B9A7-1521-40CC-8A57-CF60B281EB2D}.Debug|Mixed Platforms.Build.0 = Debug|Any CPU
		{4B06B9A7-1521-40CC-8A57-CF60B281EB2D}.Debug|Win32.ActiveCfg = Debug|Any CPU
		{4B06B9A7-1521-40CC-8A57-CF60B281EB2D}.Debug|x86.ActiveCfg = Debug|Any CPU
		{4B06B9A7-1521-40CC-8A57-CF60B281EB2D}.Release|Any CPU.ActiveCfg = Release|Any CPU
		{4B06B9A7-1521-40CC-8A57-CF60B281EB2D}.Release|Any CPU.Build.0 = Release|Any CPU
		{4B06B9A7-1521-40CC-8A57-CF60B281EB2D}.Release|Mixed Platforms.ActiveCfg = Release|Any CPU
		{4B06B9A7-1521-40CC-8A57-CF60B281EB2D}.Release|Mixed Platforms.Build.0 = Release|Any CPU
		{4B06B9A7-1521-40CC-8A57-CF60B281EB2D}.Release|Win32.ActiveCfg = Release|Any CPU
		{4B06B9A7-1521-40CC-8A57-CF60B281EB2D}.Release|x86.ActiveCfg = Release|Any CPU
		{B963FE5B-CFED-4709-B3AB-920F9D122C4E}.Debug|Any CPU.ActiveCfg = Debug|Any CPU
		{B963FE5B-CFED-4709-B3AB-920F9D122C4E}.Debug|Any CPU.Build.0 = Debug|Any CPU
		{B963FE5B-CFED-4709-B3AB-920F9D122C4E}.Debug|Mixed Platforms.ActiveCfg = Debug|Any CPU
		{B963FE5B-CFED-4709-B3AB-920F9D122C4E}.Debug|Mixed Platforms.Build.0 = Debug|Any CPU
		{B963FE5B-CFED-4709-B3AB-920F9D122C4E}.Debug|Win32.ActiveCfg = Debug|Any CPU
		{B963FE5B-CFED-4709-B3AB-920F9D122C4E}.Debug|x86.ActiveCfg = Debug|Any CPU
		{B963FE5B-CFED-4709-B3AB-920F9D122C4E}.Release|Any CPU.ActiveCfg = Release|Any CPU
		{B963FE5B-CFED-4709-B3AB-920F9D122C4E}.Release|Any CPU.Build.0 = Release|Any CPU
		{B963FE5B-CFED-4709-B3AB-920F9D122C4E}.Release|Mixed Platforms.ActiveCfg = Release|Any CPU
		{B963FE5B-CFED-4709-B3AB-920F9D122C4E}.Release|Mixed Platforms.Build.0 = Release|Any CPU
		{B963FE5B-CFED-4709-B3AB-920F9D122C4E}.Release|Win32.ActiveCfg = Release|Any CPU
		{B963FE5B-CFED-4709-B3AB-920F9D122C4E}.Release|x86.ActiveCfg = Release|Any CPU
		{7383D68E-D953-4817-B085-91343DA49870}.Debug|Any CPU.ActiveCfg = Debug|Any CPU
		{7383D68E-D953-4817-B085-91343DA49870}.Debug|Any CPU.Build.0 = Debug|Any CPU
		{7383D68E-D953-4817-B085-91343DA49870}.Debug|Mixed Platforms.ActiveCfg = Debug|Any CPU
		{7383D68E-D953-4817-B085-91343DA49870}.Debug|Mixed Platforms.Build.0 = Debug|Any CPU
		{7383D68E-D953-4817-B085-91343DA49870}.Debug|Win32.ActiveCfg = Debug|Any CPU
		{7383D68E-D953-4817-B085-91343DA49870}.Debug|x86.ActiveCfg = Debug|Any CPU
		{7383D68E-D953-4817-B085-91343DA49870}.Release|Any CPU.ActiveCfg = Release|Any CPU
		{7383D68E-D953-4817-B085-91343DA49870}.Release|Any CPU.Build.0 = Release|Any CPU
		{7383D68E-D953-4817-B085-91343DA49870}.Release|Mixed Platforms.ActiveCfg = Release|Any CPU
		{7383D68E-D953-4817-B085-91343DA49870}.Release|Mixed Platforms.Build.0 = Release|Any CPU
		{7383D68E-D953-4817-B085-91343DA49870}.Release|Win32.ActiveCfg = Release|Any CPU
		{7383D68E-D953-4817-B085-91343DA49870}.Release|x86.ActiveCfg = Release|Any CPU
		{A17DBE32-E285-4090-BFE3-636E448029DB}.Debug|Any CPU.ActiveCfg = Debug|Any CPU
		{A17DBE32-E285-4090-BFE3-636E448029DB}.Debug|Any CPU.Build.0 = Debug|Any CPU
		{A17DBE32-E285-4090-BFE3-636E448029DB}.Debug|Mixed Platforms.ActiveCfg = Debug|Any CPU
		{A17DBE32-E285-4090-BFE3-636E448029DB}.Debug|Mixed Platforms.Build.0 = Debug|Any CPU
		{A17DBE32-E285-4090-BFE3-636E448029DB}.Debug|Win32.ActiveCfg = Debug|Any CPU
		{A17DBE32-E285-4090-BFE3-636E448029DB}.Debug|x86.ActiveCfg = Debug|Any CPU
		{A17DBE32-E285-4090-BFE3-636E448029DB}.Release|Any CPU.ActiveCfg = Release|Any CPU
		{A17DBE32-E285-4090-BFE3-636E448029DB}.Release|Any CPU.Build.0 = Release|Any CPU
		{A17DBE32-E285-4090-BFE3-636E448029DB}.Release|Mixed Platforms.ActiveCfg = Release|Any CPU
		{A17DBE32-E285-4090-BFE3-636E448029DB}.Release|Mixed Platforms.Build.0 = Release|Any CPU
		{A17DBE32-E285-4090-BFE3-636E448029DB}.Release|Win32.ActiveCfg = Release|Any CPU
		{A17DBE32-E285-4090-BFE3-636E448029DB}.Release|x86.ActiveCfg = Release|Any CPU
	EndGlobalSection
	GlobalSection(SolutionProperties) = preSolution
		HideSolutionNode = FALSE
	EndGlobalSection
	GlobalSection(ExtensibilityGlobals) = postSolution
		BuildVersion_DetectChanges = False
		BuildVersion_BuildVersioningStyle = None.None.None.Increment
		VisualSVNWorkingCopyRoot = .
	EndGlobalSection
EndGlobal
